// !$*UTF8*$!
{
	archiveVersion = 1;
	classes = {
	};
	objectVersion = 56;
	objects = {

/* Begin PBXBuildFile section */
		D5AC84D229366FE6005A4DB7 /* UserManager.swift in Sources */ = {isa = PBXBuildFile; fileRef = D5AC84D129366FE6005A4DB7 /* UserManager.swift */; };
		D5AC84D42936707F005A4DB7 /* Login_RegViewController.swift in Sources */ = {isa = PBXBuildFile; fileRef = D5AC84D32936707F005A4DB7 /* Login_RegViewController.swift */; };
		D5B2F28D293E58DE009FFDFD /* UserClass.swift in Sources */ = {isa = PBXBuildFile; fileRef = D5B2F28C293E58DE009FFDFD /* UserClass.swift */; };
		D5B2F28F293E6E78009FFDFD /* UserRoomManager.swift in Sources */ = {isa = PBXBuildFile; fileRef = D5B2F28E293E6E78009FFDFD /* UserRoomManager.swift */; };
		D5B2F293293E6EA7009FFDFD /* UserRoomViewController.swift in Sources */ = {isa = PBXBuildFile; fileRef = D5B2F291293E6EA7009FFDFD /* UserRoomViewController.swift */; };
		D5B2F296293E76C6009FFDFD /* UserBalance.swift in Sources */ = {isa = PBXBuildFile; fileRef = D5B2F295293E76C6009FFDFD /* UserBalance.swift */; };
		D5FEFA3729352C2C00A7542A /* AppDelegate.swift in Sources */ = {isa = PBXBuildFile; fileRef = D5FEFA3629352C2C00A7542A /* AppDelegate.swift */; };
		D5FEFA3929352C2C00A7542A /* SceneDelegate.swift in Sources */ = {isa = PBXBuildFile; fileRef = D5FEFA3829352C2C00A7542A /* SceneDelegate.swift */; };
		D5FEFA3E29352C2C00A7542A /* Main.storyboard in Resources */ = {isa = PBXBuildFile; fileRef = D5FEFA3C29352C2C00A7542A /* Main.storyboard */; };
		D5FEFA4029352C2F00A7542A /* Assets.xcassets in Resources */ = {isa = PBXBuildFile; fileRef = D5FEFA3F29352C2F00A7542A /* Assets.xcassets */; };
		D5FEFA4329352C2F00A7542A /* LaunchScreen.storyboard in Resources */ = {isa = PBXBuildFile; fileRef = D5FEFA4129352C2F00A7542A /* LaunchScreen.storyboard */; };
/* End PBXBuildFile section */

/* Begin PBXFileReference section */
		D5AC84D129366FE6005A4DB7 /* UserManager.swift */ = {isa = PBXFileReference; lastKnownFileType = sourcecode.swift; path = UserManager.swift; sourceTree = "<group>"; };
		D5AC84D32936707F005A4DB7 /* Login_RegViewController.swift */ = {isa = PBXFileReference; lastKnownFileType = sourcecode.swift; path = Login_RegViewController.swift; sourceTree = "<group>"; };
		D5B2F28C293E58DE009FFDFD /* UserClass.swift */ = {isa = PBXFileReference; lastKnownFileType = sourcecode.swift; path = UserClass.swift; sourceTree = "<group>"; };
		D5B2F28E293E6E78009FFDFD /* UserRoomManager.swift */ = {isa = PBXFileReference; lastKnownFileType = sourcecode.swift; path = UserRoomManager.swift; sourceTree = "<group>"; };
		D5B2F291293E6EA7009FFDFD /* UserRoomViewController.swift */ = {isa = PBXFileReference; lastKnownFileType = sourcecode.swift; path = UserRoomViewController.swift; sourceTree = "<group>"; };
		D5B2F295293E76C6009FFDFD /* UserBalance.swift */ = {isa = PBXFileReference; lastKnownFileType = sourcecode.swift; path = UserBalance.swift; sourceTree = "<group>"; };
		D5FEFA3329352C2C00A7542A /* _Balance_App.app */ = {isa = PBXFileReference; explicitFileType = wrapper.application; includeInIndex = 0; path = _Balance_App.app; sourceTree = BUILT_PRODUCTS_DIR; };
		D5FEFA3629352C2C00A7542A /* AppDelegate.swift */ = {isa = PBXFileReference; lastKnownFileType = sourcecode.swift; path = AppDelegate.swift; sourceTree = "<group>"; };
		D5FEFA3829352C2C00A7542A /* SceneDelegate.swift */ = {isa = PBXFileReference; lastKnownFileType = sourcecode.swift; path = SceneDelegate.swift; sourceTree = "<group>"; };
		D5FEFA3D29352C2C00A7542A /* Base */ = {isa = PBXFileReference; lastKnownFileType = file.storyboard; name = Base; path = Base.lproj/Main.storyboard; sourceTree = "<group>"; };
		D5FEFA3F29352C2F00A7542A /* Assets.xcassets */ = {isa = PBXFileReference; lastKnownFileType = folder.assetcatalog; path = Assets.xcassets; sourceTree = "<group>"; };
		D5FEFA4229352C2F00A7542A /* Base */ = {isa = PBXFileReference; lastKnownFileType = file.storyboard; name = Base; path = Base.lproj/LaunchScreen.storyboard; sourceTree = "<group>"; };
		D5FEFA4429352C2F00A7542A /* Info.plist */ = {isa = PBXFileReference; lastKnownFileType = text.plist.xml; path = Info.plist; sourceTree = "<group>"; };
/* End PBXFileReference section */

/* Begin PBXFrameworksBuildPhase section */
		D5FEFA3029352C2C00A7542A /* Frameworks */ = {
			isa = PBXFrameworksBuildPhase;
			buildActionMask = 2147483647;
			files = (
			);
			runOnlyForDeploymentPostprocessing = 0;
		};
/* End PBXFrameworksBuildPhase section */

/* Begin PBXGroup section */
		D5AC84CB29366695005A4DB7 /* Login&RegCore */ = {
			isa = PBXGroup;
			children = (
				D5AC84D32936707F005A4DB7 /* Login_RegViewController.swift */,
			);
			path = "Login&RegCore";
			sourceTree = "<group>";
		};
		D5AC84CD29366824005A4DB7 /* UserCore */ = {
			isa = PBXGroup;
			children = (
				D5AC84D129366FE6005A4DB7 /* UserManager.swift */,
				D5B2F28C293E58DE009FFDFD /* UserClass.swift */,
				D5B2F295293E76C6009FFDFD /* UserBalance.swift */,
			);
			path = UserCore;
			sourceTree = "<group>";
		};
		D5AC84CE2936694B005A4DB7 /* UserRoom */ = {
			isa = PBXGroup;
			children = (
				D5B2F28E293E6E78009FFDFD /* UserRoomManager.swift */,
				D5B2F291293E6EA7009FFDFD /* UserRoomViewController.swift */,
			);
			path = UserRoom;
			sourceTree = "<group>";
		};
		D5FEFA2A29352C2C00A7542A = {
			isa = PBXGroup;
			children = (
				D5FEFA3529352C2C00A7542A /* _Balance_App */,
				D5FEFA3429352C2C00A7542A /* Products */,
			);
			sourceTree = "<group>";
		};
		D5FEFA3429352C2C00A7542A /* Products */ = {
			isa = PBXGroup;
			children = (
				D5FEFA3329352C2C00A7542A /* _Balance_App.app */,
			);
			name = Products;
			sourceTree = "<group>";
		};
		D5FEFA3529352C2C00A7542A /* _Balance_App */ = {
			isa = PBXGroup;
			children = (
				D5AC84CE2936694B005A4DB7 /* UserRoom */,
				D5AC84CD29366824005A4DB7 /* UserCore */,
				D5AC84CB29366695005A4DB7 /* Login&RegCore */,
				D5FEFA4A2935304200A7542A /* UI */,
				D5FEFA3629352C2C00A7542A /* AppDelegate.swift */,
				D5FEFA3829352C2C00A7542A /* SceneDelegate.swift */,
				D5FEFA3F29352C2F00A7542A /* Assets.xcassets */,
				D5FEFA4429352C2F00A7542A /* Info.plist */,
			);
			path = _Balance_App;
			sourceTree = "<group>";
		};
		D5FEFA4A2935304200A7542A /* UI */ = {
			isa = PBXGroup;
			children = (
				D5FEFA3C29352C2C00A7542A /* Main.storyboard */,
				D5FEFA4129352C2F00A7542A /* LaunchScreen.storyboard */,
			);
			path = UI;
			sourceTree = "<group>";
		};
/* End PBXGroup section */

/* Begin PBXNativeTarget section */
		D5FEFA3229352C2C00A7542A /* _Balance_App */ = {
			isa = PBXNativeTarget;
			buildConfigurationList = D5FEFA4729352C2F00A7542A /* Build configuration list for PBXNativeTarget "_Balance_App" */;
			buildPhases = (
				D5FEFA2F29352C2C00A7542A /* Sources */,
				D5FEFA3029352C2C00A7542A /* Frameworks */,
				D5FEFA3129352C2C00A7542A /* Resources */,
			);
			buildRules = (
			);
			dependencies = (
			);
			name = _Balance_App;
			productName = _Balance_App;
			productReference = D5FEFA3329352C2C00A7542A /* _Balance_App.app */;
			productType = "com.apple.product-type.application";
		};
/* End PBXNativeTarget section */

/* Begin PBXProject section */
		D5FEFA2B29352C2C00A7542A /* Project object */ = {
			isa = PBXProject;
			attributes = {
				BuildIndependentTargetsInParallel = 1;
				LastSwiftUpdateCheck = 1400;
				LastUpgradeCheck = 1400;
				TargetAttributes = {
					D5FEFA3229352C2C00A7542A = {
						CreatedOnToolsVersion = 14.0.1;
					};
				};
			};
			buildConfigurationList = D5FEFA2E29352C2C00A7542A /* Build configuration list for PBXProject "_Balance_App" */;
			compatibilityVersion = "Xcode 14.0";
			developmentRegion = en;
			hasScannedForEncodings = 0;
			knownRegions = (
				en,
				Base,
			);
			mainGroup = D5FEFA2A29352C2C00A7542A;
			productRefGroup = D5FEFA3429352C2C00A7542A /* Products */;
			projectDirPath = "";
			projectRoot = "";
			targets = (
				D5FEFA3229352C2C00A7542A /* _Balance_App */,
			);
		};
/* End PBXProject section */

/* Begin PBXResourcesBuildPhase section */
		D5FEFA3129352C2C00A7542A /* Resources */ = {
			isa = PBXResourcesBuildPhase;
			buildActionMask = 2147483647;
			files = (
				D5FEFA4329352C2F00A7542A /* LaunchScreen.storyboard in Resources */,
				D5FEFA4029352C2F00A7542A /* Assets.xcassets in Resources */,
				D5FEFA3E29352C2C00A7542A /* Main.storyboard in Resources */,
			);
			runOnlyForDeploymentPostprocessing = 0;
		};
/* End PBXResourcesBuildPhase section */

/* Begin PBXSourcesBuildPhase section */
		D5FEFA2F29352C2C00A7542A /* Sources */ = {
			isa = PBXSourcesBuildPhase;
			buildActionMask = 2147483647;
			files = (
				D5B2F28D293E58DE009FFDFD /* UserClass.swift in Sources */,
				D5B2F296293E76C6009FFDFD /* UserBalance.swift in Sources */,
				D5FEFA3729352C2C00A7542A /* AppDelegate.swift in Sources */,
				D5FEFA3929352C2C00A7542A /* SceneDelegate.swift in Sources */,
				D5B2F293293E6EA7009FFDFD /* UserRoomViewController.swift in Sources */,
				D5AC84D229366FE6005A4DB7 /* UserManager.swift in Sources */,
				D5AC84D42936707F005A4DB7 /* Login_RegViewController.swift in Sources */,
				D5B2F28F293E6E78009FFDFD /* UserRoomManager.swift in Sources */,
			);
			runOnlyForDeploymentPostprocessing = 0;
		};
/* End PBXSourcesBuildPhase section */

/* Begin PBXVariantGroup section */
		D5FEFA3C29352C2C00A7542A /* Main.storyboard */ = {
			isa = PBXVariantGroup;
			children = (
				D5FEFA3D29352C2C00A7542A /* Base */,
			);
			name = Main.storyboard;
			sourceTree = "<group>";
		};
		D5FEFA4129352C2F00A7542A /* LaunchScreen.storyboard */ = {
			isa = PBXVariantGroup;
			children = (
				D5FEFA4229352C2F00A7542A /* Base */,
			);
			name = LaunchScreen.storyboard;
			sourceTree = "<group>";
		};
/* End PBXVariantGroup section */

/* Begin XCBuildConfiguration section */
		D5FEFA4529352C2F00A7542A /* Debug */ = {
			isa = XCBuildConfiguration;
			buildSettings = {
				ALWAYS_SEARCH_USER_PATHS = NO;
				CLANG_ANALYZER_NONNULL = YES;
				CLANG_ANALYZER_NUMBER_OBJECT_CONVERSION = YES_AGGRESSIVE;
				CLANG_CXX_LANGUAGE_STANDARD = "gnu++20";
				CLANG_ENABLE_MODULES = YES;
				CLANG_ENABLE_OBJC_ARC = YES;
				CLANG_ENABLE_OBJC_WEAK = YES;
				CLANG_WARN_BLOCK_CAPTURE_AUTORELEASING = YES;
				CLANG_WARN_BOOL_CONVERSION = YES;
				CLANG_WARN_COMMA = YES;
				CLANG_WARN_CONSTANT_CONVERSION = YES;
				CLANG_WARN_DEPRECATED_OBJC_IMPLEMENTATIONS = YES;
				CLANG_WARN_DIRECT_OBJC_ISA_USAGE = YES_ERROR;
				CLANG_WARN_DOCUMENTATION_COMMENTS = YES;
				CLANG_WARN_EMPTY_BODY = YES;
				CLANG_WARN_ENUM_CONVERSION = YES;
				CLANG_WARN_INFINITE_RECURSION = YES;
				CLANG_WARN_INT_CONVERSION = YES;
				CLANG_WARN_NON_LITERAL_NULL_CONVERSION = YES;
				CLANG_WARN_OBJC_IMPLICIT_RETAIN_SELF = YES;
				CLANG_WARN_OBJC_LITERAL_CONVERSION = YES;
				CLANG_WARN_OBJC_ROOT_CLASS = YES_ERROR;
				CLANG_WARN_QUOTED_INCLUDE_IN_FRAMEWORK_HEADER = YES;
				CLANG_WARN_RANGE_LOOP_ANALYSIS = YES;
				CLANG_WARN_STRICT_PROTOTYPES = YES;
				CLANG_WARN_SUSPICIOUS_MOVE = YES;
				CLANG_WARN_UNGUARDED_AVAILABILITY = YES_AGGRESSIVE;
				CLANG_WARN_UNREACHABLE_CODE = YES;
				CLANG_WARN__DUPLICATE_METHOD_MATCH = YES;
				COPY_PHASE_STRIP = NO;
				DEBUG_INFORMATION_FORMAT = dwarf;
				ENABLE_STRICT_OBJC_MSGSEND = YES;
				ENABLE_TESTABILITY = YES;
				GCC_C_LANGUAGE_STANDARD = gnu11;
				GCC_DYNAMIC_NO_PIC = NO;
				GCC_NO_COMMON_BLOCKS = YES;
				GCC_OPTIMIZATION_LEVEL = 0;
				GCC_PREPROCESSOR_DEFINITIONS = (
					"DEBUG=1",
					"$(inherited)",
				);
				GCC_WARN_64_TO_32_BIT_CONVERSION = YES;
				GCC_WARN_ABOUT_RETURN_TYPE = YES_ERROR;
				GCC_WARN_UNDECLARED_SELECTOR = YES;
				GCC_WARN_UNINITIALIZED_AUTOS = YES_AGGRESSIVE;
				GCC_WARN_UNUSED_FUNCTION = YES;
				GCC_WARN_UNUSED_VARIABLE = YES;
				IPHONEOS_DEPLOYMENT_TARGET = 16.0;
				MTL_ENABLE_DEBUG_INFO = INCLUDE_SOURCE;
				MTL_FAST_MATH = YES;
				ONLY_ACTIVE_ARCH = YES;
				SDKROOT = iphoneos;
				SWIFT_ACTIVE_COMPILATION_CONDITIONS = DEBUG;
				SWIFT_OPTIMIZATION_LEVEL = "-Onone";
			};
			name = Debug;
		};
		D5FEFA4629352C2F00A7542A /* Release */ = {
			isa = XCBuildConfiguration;
			buildSettings = {
				ALWAYS_SEARCH_USER_PATHS = NO;
				CLANG_ANALYZER_NONNULL = YES;
				CLANG_ANALYZER_NUMBER_OBJECT_CONVERSION = YES_AGGRESSIVE;
				CLANG_CXX_LANGUAGE_STANDARD = "gnu++20";
				CLANG_ENABLE_MODULES = YES;
				CLANG_ENABLE_OBJC_ARC = YES;
				CLANG_ENABLE_OBJC_WEAK = YES;
				CLANG_WARN_BLOCK_CAPTURE_AUTORELEASING = YES;
				CLANG_WARN_BOOL_CONVERSION = YES;
				CLANG_WARN_COMMA = YES;
				CLANG_WARN_CONSTANT_CONVERSION = YES;
				CLANG_WARN_DEPRECATED_OBJC_IMPLEMENTATIONS = YES;
				CLANG_WARN_DIRECT_OBJC_ISA_USAGE = YES_ERROR;
				CLANG_WARN_DOCUMENTATION_COMMENTS = YES;
				CLANG_WARN_EMPTY_BODY = YES;
				CLANG_WARN_ENUM_CONVERSION = YES;
				CLANG_WARN_INFINITE_RECURSION = YES;
				CLANG_WARN_INT_CONVERSION = YES;
				CLANG_WARN_NON_LITERAL_NULL_CONVERSION = YES;
				CLANG_WARN_OBJC_IMPLICIT_RETAIN_SELF = YES;
				CLANG_WARN_OBJC_LITERAL_CONVERSION = YES;
				CLANG_WARN_OBJC_ROOT_CLASS = YES_ERROR;
				CLANG_WARN_QUOTED_INCLUDE_IN_FRAMEWORK_HEADER = YES;
				CLANG_WARN_RANGE_LOOP_ANALYSIS = YES;
				CLANG_WARN_STRICT_PROTOTYPES = YES;
				CLANG_WARN_SUSPICIOUS_MOVE = YES;
				CLANG_WARN_UNGUARDED_AVAILABILITY = YES_AGGRESSIVE;
				CLANG_WARN_UNREACHABLE_CODE = YES;
				CLANG_WARN__DUPLICATE_METHOD_MATCH = YES;
				COPY_PHASE_STRIP = NO;
				DEBUG_INFORMATION_FORMAT = "dwarf-with-dsym";
				ENABLE_NS_ASSERTIONS = NO;
				ENABLE_STRICT_OBJC_MSGSEND = YES;
				GCC_C_LANGUAGE_STANDARD = gnu11;
				GCC_NO_COMMON_BLOCKS = YES;
				GCC_WARN_64_TO_32_BIT_CONVERSION = YES;
				GCC_WARN_ABOUT_RETURN_TYPE = YES_ERROR;
				GCC_WARN_UNDECLARED_SELECTOR = YES;
				GCC_WARN_UNINITIALIZED_AUTOS = YES_AGGRESSIVE;
				GCC_WARN_UNUSED_FUNCTION = YES;
				GCC_WARN_UNUSED_VARIABLE = YES;
				IPHONEOS_DEPLOYMENT_TARGET = 16.0;
				MTL_ENABLE_DEBUG_INFO = NO;
				MTL_FAST_MATH = YES;
				SDKROOT = iphoneos;
				SWIFT_COMPILATION_MODE = wholemodule;
				SWIFT_OPTIMIZATION_LEVEL = "-O";
				VALIDATE_PRODUCT = YES;
			};
			name = Release;
		};
		D5FEFA4829352C2F00A7542A /* Debug */ = {
			isa = XCBuildConfiguration;
			buildSettings = {
				ASSETCATALOG_COMPILER_APPICON_NAME = AppIcon;
				ASSETCATALOG_COMPILER_GLOBAL_ACCENT_COLOR_NAME = AccentColor;
				CODE_SIGN_STYLE = Automatic;
				CURRENT_PROJECT_VERSION = 1;
				GENERATE_INFOPLIST_FILE = YES;
				INFOPLIST_FILE = _Balance_App/Info.plist;
				INFOPLIST_KEY_CFBundleDisplayName = BalanCe;
				INFOPLIST_KEY_LSApplicationCategoryType = "public.app-category.finance";
				INFOPLIST_KEY_UIApplicationSupportsIndirectInputEvents = YES;
				INFOPLIST_KEY_UILaunchStoryboardName = LaunchScreen;
				INFOPLIST_KEY_UIMainStoryboardFile = Main;
				INFOPLIST_KEY_UISupportedInterfaceOrientations_iPad = "UIInterfaceOrientationPortrait UIInterfaceOrientationPortraitUpsideDown UIInterfaceOrientationLandscapeLeft UIInterfaceOrientationLandscapeRight";
				INFOPLIST_KEY_UISupportedInterfaceOrientations_iPhone = "UIInterfaceOrientationPortrait UIInterfaceOrientationLandscapeLeft UIInterfaceOrientationLandscapeRight";
				IPHONEOS_DEPLOYMENT_TARGET = 15.0;
				LD_RUNPATH_SEARCH_PATHS = (
					"$(inherited)",
					"@executable_path/Frameworks",
				);
				MARKETING_VERSION = 1.0;
				PRODUCT_BUNDLE_IDENTIFIER = "CodeAcademy.-Balance-App";
				PRODUCT_NAME = "$(TARGET_NAME)";
				SWIFT_EMIT_LOC_STRINGS = YES;
				SWIFT_VERSION = 5.0;
				TARGETED_DEVICE_FAMILY = "1,2";
			};
			name = Debug;
		};
		D5FEFA4929352C2F00A7542A /* Release */ = {
			isa = XCBuildConfiguration;
			buildSettings = {
				ASSETCATALOG_COMPILER_APPICON_NAME = AppIcon;
				ASSETCATALOG_COMPILER_GLOBAL_ACCENT_COLOR_NAME = AccentColor;
				CODE_SIGN_STYLE = Automatic;
				CURRENT_PROJECT_VERSION = 1;
				GENERATE_INFOPLIST_FILE = YES;
				INFOPLIST_FILE = _Balance_App/Info.plist;
				INFOPLIST_KEY_CFBundleDisplayName = BalanCe;
				INFOPLIST_KEY_LSApplicationCategoryType = "public.app-category.finance";
				INFOPLIST_KEY_UIApplicationSupportsIndirectInputEvents = YES;
				INFOPLIST_KEY_UILaunchStoryboardName = LaunchScreen;
				INFOPLIST_KEY_UIMainStoryboardFile = Main;
				INFOPLIST_KEY_UISupportedInterfaceOrientations_iPad = "UIInterfaceOrientationPortrait UIInterfaceOrientationPortraitUpsideDown UIInterfaceOrientationLandscapeLeft UIInterfaceOrientationLandscapeRight";
				INFOPLIST_KEY_UISupportedInterfaceOrientations_iPhone = "UIInterfaceOrientationPortrait UIInterfaceOrientationLandscapeLeft UIInterfaceOrientationLandscapeRight";
				IPHONEOS_DEPLOYMENT_TARGET = 15.0;
				LD_RUNPATH_SEARCH_PATHS = (
					"$(inherited)",
					"@executable_path/Frameworks",
				);
				MARKETING_VERSION = 1.0;
				PRODUCT_BUNDLE_IDENTIFIER = "CodeAcademy.-Balance-App";
				PRODUCT_NAME = "$(TARGET_NAME)";
				SWIFT_EMIT_LOC_STRINGS = YES;
				SWIFT_VERSION = 5.0;
				TARGETED_DEVICE_FAMILY = "1,2";
			};
			name = Release;
		};
/* End XCBuildConfiguration section */

/* Begin XCConfigurationList section */
		D5FEFA2E29352C2C00A7542A /* Build configuration list for PBXProject "_Balance_App" */ = {
			isa = XCConfigurationList;
			buildConfigurations = (
				D5FEFA4529352C2F00A7542A /* Debug */,
				D5FEFA4629352C2F00A7542A /* Release */,
			);
			defaultConfigurationIsVisible = 0;
			defaultConfigurationName = Release;
		};
		D5FEFA4729352C2F00A7542A /* Build configuration list for PBXNativeTarget "_Balance_App" */ = {
			isa = XCConfigurationList;
			buildConfigurations = (
				D5FEFA4829352C2F00A7542A /* Debug */,
				D5FEFA4929352C2F00A7542A /* Release */,
			);
			defaultConfigurationIsVisible = 0;
			defaultConfigurationName = Release;
		};
/* End XCConfigurationList section */
	};
	rootObject = D5FEFA2B29352C2C00A7542A /* Project object */;
}
